// !$*UTF8*$!
{
	archiveVersion = 1;
	classes = {
	};
	objectVersion = 55;
	objects = {

/* Begin PBXBuildFile section */
		8DB9076027B8F447008CD192 /* AppDelegate.swift in Sources */ = {isa = PBXBuildFile; fileRef = 8DB9075F27B8F447008CD192 /* AppDelegate.swift */; };
		8DB9076227B8F447008CD192 /* SceneDelegate.swift in Sources */ = {isa = PBXBuildFile; fileRef = 8DB9076127B8F447008CD192 /* SceneDelegate.swift */; };
		8DB9076927B8F449008CD192 /* Assets.xcassets in Resources */ = {isa = PBXBuildFile; fileRef = 8DB9076827B8F449008CD192 /* Assets.xcassets */; };
		8DB9076C27B8F449008CD192 /* LaunchScreen.storyboard in Resources */ = {isa = PBXBuildFile; fileRef = 8DB9076A27B8F449008CD192 /* LaunchScreen.storyboard */; };
		8DB9077527B8FA4A008CD192 /* GenresListViewController.swift in Sources */ = {isa = PBXBuildFile; fileRef = 8DB9077427B8FA4A008CD192 /* GenresListViewController.swift */; };
		8DB9077A27B8FAE3008CD192 /* GenresProvider.swift in Sources */ = {isa = PBXBuildFile; fileRef = 8DB9077927B8FAE3008CD192 /* GenresProvider.swift */; };
		8DB9077C27B8FC5C008CD192 /* GenreUICell.swift in Sources */ = {isa = PBXBuildFile; fileRef = 8DB9077B27B8FC5C008CD192 /* GenreUICell.swift */; };
		8DB9078127B8FD32008CD192 /* GenresListUIComposer.swift in Sources */ = {isa = PBXBuildFile; fileRef = 8DB9078027B8FD32008CD192 /* GenresListUIComposer.swift */; };
		8DB9078327B8FF11008CD192 /* GenresListPresenter.swift in Sources */ = {isa = PBXBuildFile; fileRef = 8DB9078227B8FF11008CD192 /* GenresListPresenter.swift */; };
		8DB9078527B90542008CD192 /* GenreCellController.swift in Sources */ = {isa = PBXBuildFile; fileRef = 8DB9078427B90542008CD192 /* GenreCellController.swift */; };
		8DB9078727B90E6C008CD192 /* GenreItemPresenter.swift in Sources */ = {isa = PBXBuildFile; fileRef = 8DB9078627B90E6C008CD192 /* GenreItemPresenter.swift */; };
/* End PBXBuildFile section */

/* Begin PBXFileReference section */
		8DB9075C27B8F447008CD192 /* ArchitectureShowCases.app */ = {isa = PBXFileReference; explicitFileType = wrapper.application; includeInIndex = 0; path = ArchitectureShowCases.app; sourceTree = BUILT_PRODUCTS_DIR; };
		8DB9075F27B8F447008CD192 /* AppDelegate.swift */ = {isa = PBXFileReference; lastKnownFileType = sourcecode.swift; path = AppDelegate.swift; sourceTree = "<group>"; };
		8DB9076127B8F447008CD192 /* SceneDelegate.swift */ = {isa = PBXFileReference; lastKnownFileType = sourcecode.swift; path = SceneDelegate.swift; sourceTree = "<group>"; };
		8DB9076827B8F449008CD192 /* Assets.xcassets */ = {isa = PBXFileReference; lastKnownFileType = folder.assetcatalog; path = Assets.xcassets; sourceTree = "<group>"; };
		8DB9076B27B8F449008CD192 /* Base */ = {isa = PBXFileReference; lastKnownFileType = file.storyboard; name = Base; path = Base.lproj/LaunchScreen.storyboard; sourceTree = "<group>"; };
		8DB9076D27B8F449008CD192 /* Info.plist */ = {isa = PBXFileReference; lastKnownFileType = text.plist.xml; path = Info.plist; sourceTree = "<group>"; };
		8DB9077427B8FA4A008CD192 /* GenresListViewController.swift */ = {isa = PBXFileReference; lastKnownFileType = sourcecode.swift; path = GenresListViewController.swift; sourceTree = "<group>"; };
		8DB9077927B8FAE3008CD192 /* GenresProvider.swift */ = {isa = PBXFileReference; lastKnownFileType = sourcecode.swift; path = GenresProvider.swift; sourceTree = "<group>"; };
		8DB9077B27B8FC5C008CD192 /* GenreUICell.swift */ = {isa = PBXFileReference; lastKnownFileType = sourcecode.swift; path = GenreUICell.swift; sourceTree = "<group>"; };
		8DB9078027B8FD32008CD192 /* GenresListUIComposer.swift */ = {isa = PBXFileReference; lastKnownFileType = sourcecode.swift; path = GenresListUIComposer.swift; sourceTree = "<group>"; };
		8DB9078227B8FF11008CD192 /* GenresListPresenter.swift */ = {isa = PBXFileReference; lastKnownFileType = sourcecode.swift; path = GenresListPresenter.swift; sourceTree = "<group>"; };
		8DB9078427B90542008CD192 /* GenreCellController.swift */ = {isa = PBXFileReference; lastKnownFileType = sourcecode.swift; path = GenreCellController.swift; sourceTree = "<group>"; };
		8DB9078627B90E6C008CD192 /* GenreItemPresenter.swift */ = {isa = PBXFileReference; lastKnownFileType = sourcecode.swift; path = GenreItemPresenter.swift; sourceTree = "<group>"; };
/* End PBXFileReference section */

/* Begin PBXFrameworksBuildPhase section */
		8DB9075927B8F447008CD192 /* Frameworks */ = {
			isa = PBXFrameworksBuildPhase;
			buildActionMask = 2147483647;
			files = (
			);
			runOnlyForDeploymentPostprocessing = 0;
		};
/* End PBXFrameworksBuildPhase section */

/* Begin PBXGroup section */
		8DB9075327B8F447008CD192 = {
			isa = PBXGroup;
			children = (
				8DB9075E27B8F447008CD192 /* ArchitectureShowCases */,
				8DB9075D27B8F447008CD192 /* Products */,
			);
			sourceTree = "<group>";
		};
		8DB9075D27B8F447008CD192 /* Products */ = {
			isa = PBXGroup;
			children = (
				8DB9075C27B8F447008CD192 /* ArchitectureShowCases.app */,
			);
			name = Products;
			sourceTree = "<group>";
		};
		8DB9075E27B8F447008CD192 /* ArchitectureShowCases */ = {
			isa = PBXGroup;
			children = (
				8DB9077327B8FA32008CD192 /* Genres List Feature */,
				8DB9075F27B8F447008CD192 /* AppDelegate.swift */,
				8DB9076127B8F447008CD192 /* SceneDelegate.swift */,
				8DB9076827B8F449008CD192 /* Assets.xcassets */,
				8DB9076A27B8F449008CD192 /* LaunchScreen.storyboard */,
				8DB9076D27B8F449008CD192 /* Info.plist */,
			);
			path = ArchitectureShowCases;
			sourceTree = "<group>";
		};
		8DB9077327B8FA32008CD192 /* Genres List Feature */ = {
			isa = PBXGroup;
			children = (
				8DB9077827B8FAD0008CD192 /* Provider */,
				8DB9077727B8FA74008CD192 /* Presentation */,
				8DB9077627B8FA6D008CD192 /* UI */,
			);
			path = "Genres List Feature";
			sourceTree = "<group>";
		};
		8DB9077627B8FA6D008CD192 /* UI */ = {
			isa = PBXGroup;
			children = (
				8DB9077D27B8FD01008CD192 /* Composers */,
				8DB9077E27B8FD07008CD192 /* Controllers */,
				8DB9077F27B8FD0D008CD192 /* Views */,
			);
			path = UI;
			sourceTree = "<group>";
		};
		8DB9077727B8FA74008CD192 /* Presentation */ = {
			isa = PBXGroup;
			children = (
				8DB9078227B8FF11008CD192 /* GenresListPresenter.swift */,
				8DB9078627B90E6C008CD192 /* GenreItemPresenter.swift */,
			);
			path = Presentation;
			sourceTree = "<group>";
		};
		8DB9077827B8FAD0008CD192 /* Provider */ = {
			isa = PBXGroup;
			children = (
				8DB9077927B8FAE3008CD192 /* GenresProvider.swift */,
			);
			path = Provider;
			sourceTree = "<group>";
		};
		8DB9077D27B8FD01008CD192 /* Composers */ = {
			isa = PBXGroup;
			children = (
				8DB9078027B8FD32008CD192 /* GenresListUIComposer.swift */,
			);
			path = Composers;
			sourceTree = "<group>";
		};
		8DB9077E27B8FD07008CD192 /* Controllers */ = {
			isa = PBXGroup;
			children = (
				8DB9078427B90542008CD192 /* GenreCellController.swift */,
				8DB9077427B8FA4A008CD192 /* GenresListViewController.swift */,
			);
			path = Controllers;
			sourceTree = "<group>";
		};
		8DB9077F27B8FD0D008CD192 /* Views */ = {
			isa = PBXGroup;
			children = (
				8DB9077B27B8FC5C008CD192 /* GenreUICell.swift */,
			);
			path = Views;
			sourceTree = "<group>";
		};
/* End PBXGroup section */

/* Begin PBXNativeTarget section */
		8DB9075B27B8F447008CD192 /* ArchitectureShowCases */ = {
			isa = PBXNativeTarget;
			buildConfigurationList = 8DB9077027B8F449008CD192 /* Build configuration list for PBXNativeTarget "ArchitectureShowCases" */;
			buildPhases = (
				8DB9075827B8F447008CD192 /* Sources */,
				8DB9075927B8F447008CD192 /* Frameworks */,
				8DB9075A27B8F447008CD192 /* Resources */,
			);
			buildRules = (
			);
			dependencies = (
			);
			name = ArchitectureShowCases;
			productName = ArchitectureShowCases;
			productReference = 8DB9075C27B8F447008CD192 /* ArchitectureShowCases.app */;
			productType = "com.apple.product-type.application";
		};
/* End PBXNativeTarget section */

/* Begin PBXProject section */
		8DB9075427B8F447008CD192 /* Project object */ = {
			isa = PBXProject;
			attributes = {
				BuildIndependentTargetsInParallel = 1;
				LastSwiftUpdateCheck = 1320;
				LastUpgradeCheck = 1320;
				TargetAttributes = {
					8DB9075B27B8F447008CD192 = {
						CreatedOnToolsVersion = 13.2.1;
					};
				};
			};
			buildConfigurationList = 8DB9075727B8F447008CD192 /* Build configuration list for PBXProject "ArchitectureShowCases" */;
			compatibilityVersion = "Xcode 13.0";
			developmentRegion = en;
			hasScannedForEncodings = 0;
			knownRegions = (
				en,
				Base,
			);
			mainGroup = 8DB9075327B8F447008CD192;
			productRefGroup = 8DB9075D27B8F447008CD192 /* Products */;
			projectDirPath = "";
			projectRoot = "";
			targets = (
				8DB9075B27B8F447008CD192 /* ArchitectureShowCases */,
			);
		};
/* End PBXProject section */

/* Begin PBXResourcesBuildPhase section */
		8DB9075A27B8F447008CD192 /* Resources */ = {
			isa = PBXResourcesBuildPhase;
			buildActionMask = 2147483647;
			files = (
				8DB9076C27B8F449008CD192 /* LaunchScreen.storyboard in Resources */,
				8DB9076927B8F449008CD192 /* Assets.xcassets in Resources */,
			);
			runOnlyForDeploymentPostprocessing = 0;
		};
/* End PBXResourcesBuildPhase section */

/* Begin PBXSourcesBuildPhase section */
		8DB9075827B8F447008CD192 /* Sources */ = {
			isa = PBXSourcesBuildPhase;
			buildActionMask = 2147483647;
			files = (
				8DB9077527B8FA4A008CD192 /* GenresListViewController.swift in Sources */,
				8DB9078127B8FD32008CD192 /* GenresListUIComposer.swift in Sources */,
				8DB9078327B8FF11008CD192 /* GenresListPresenter.swift in Sources */,
				8DB9076027B8F447008CD192 /* AppDelegate.swift in Sources */,
				8DB9077A27B8FAE3008CD192 /* GenresProvider.swift in Sources */,
				8DB9076227B8F447008CD192 /* SceneDelegate.swift in Sources */,
				8DB9078527B90542008CD192 /* GenreCellController.swift in Sources */,
				8DB9078727B90E6C008CD192 /* GenreItemPresenter.swift in Sources */,
				8DB9077C27B8FC5C008CD192 /* GenreUICell.swift in Sources */,
			);
			runOnlyForDeploymentPostprocessing = 0;
		};
/* End PBXSourcesBuildPhase section */

/* Begin PBXVariantGroup section */
		8DB9076A27B8F449008CD192 /* LaunchScreen.storyboard */ = {
			isa = PBXVariantGroup;
			children = (
				8DB9076B27B8F449008CD192 /* Base */,
			);
			name = LaunchScreen.storyboard;
			sourceTree = "<group>";
		};
/* End PBXVariantGroup section */

/* Begin XCBuildConfiguration section */
		8DB9076E27B8F449008CD192 /* Debug */ = {
			isa = XCBuildConfiguration;
			buildSettings = {
				ALWAYS_SEARCH_USER_PATHS = NO;
				CLANG_ANALYZER_NONNULL = YES;
				CLANG_ANALYZER_NUMBER_OBJECT_CONVERSION = YES_AGGRESSIVE;
				CLANG_CXX_LANGUAGE_STANDARD = "gnu++17";
				CLANG_CXX_LIBRARY = "libc++";
				CLANG_ENABLE_MODULES = YES;
				CLANG_ENABLE_OBJC_ARC = YES;
				CLANG_ENABLE_OBJC_WEAK = YES;
				CLANG_WARN_BLOCK_CAPTURE_AUTORELEASING = YES;
				CLANG_WARN_BOOL_CONVERSION = YES;
				CLANG_WARN_COMMA = YES;
				CLANG_WARN_CONSTANT_CONVERSION = YES;
				CLANG_WARN_DEPRECATED_OBJC_IMPLEMENTATIONS = YES;
				CLANG_WARN_DIRECT_OBJC_ISA_USAGE = YES_ERROR;
				CLANG_WARN_DOCUMENTATION_COMMENTS = YES;
				CLANG_WARN_EMPTY_BODY = YES;
				CLANG_WARN_ENUM_CONVERSION = YES;
				CLANG_WARN_INFINITE_RECURSION = YES;
				CLANG_WARN_INT_CONVERSION = YES;
				CLANG_WARN_NON_LITERAL_NULL_CONVERSION = YES;
				CLANG_WARN_OBJC_IMPLICIT_RETAIN_SELF = YES;
				CLANG_WARN_OBJC_LITERAL_CONVERSION = YES;
				CLANG_WARN_OBJC_ROOT_CLASS = YES_ERROR;
				CLANG_WARN_QUOTED_INCLUDE_IN_FRAMEWORK_HEADER = YES;
				CLANG_WARN_RANGE_LOOP_ANALYSIS = YES;
				CLANG_WARN_STRICT_PROTOTYPES = YES;
				CLANG_WARN_SUSPICIOUS_MOVE = YES;
				CLANG_WARN_UNGUARDED_AVAILABILITY = YES_AGGRESSIVE;
				CLANG_WARN_UNREACHABLE_CODE = YES;
				CLANG_WARN__DUPLICATE_METHOD_MATCH = YES;
				COPY_PHASE_STRIP = NO;
				DEBUG_INFORMATION_FORMAT = dwarf;
				ENABLE_STRICT_OBJC_MSGSEND = YES;
				ENABLE_TESTABILITY = YES;
				GCC_C_LANGUAGE_STANDARD = gnu11;
				GCC_DYNAMIC_NO_PIC = NO;
				GCC_NO_COMMON_BLOCKS = YES;
				GCC_OPTIMIZATION_LEVEL = 0;
				GCC_PREPROCESSOR_DEFINITIONS = (
					"DEBUG=1",
					"$(inherited)",
				);
				GCC_WARN_64_TO_32_BIT_CONVERSION = YES;
				GCC_WARN_ABOUT_RETURN_TYPE = YES_ERROR;
				GCC_WARN_UNDECLARED_SELECTOR = YES;
				GCC_WARN_UNINITIALIZED_AUTOS = YES_AGGRESSIVE;
				GCC_WARN_UNUSED_FUNCTION = YES;
				GCC_WARN_UNUSED_VARIABLE = YES;
				IPHONEOS_DEPLOYMENT_TARGET = 15.2;
				MTL_ENABLE_DEBUG_INFO = INCLUDE_SOURCE;
				MTL_FAST_MATH = YES;
				ONLY_ACTIVE_ARCH = YES;
				SDKROOT = iphoneos;
				SWIFT_ACTIVE_COMPILATION_CONDITIONS = DEBUG;
				SWIFT_OPTIMIZATION_LEVEL = "-Onone";
			};
			name = Debug;
		};
		8DB9076F27B8F449008CD192 /* Release */ = {
			isa = XCBuildConfiguration;
			buildSettings = {
				ALWAYS_SEARCH_USER_PATHS = NO;
				CLANG_ANALYZER_NONNULL = YES;
				CLANG_ANALYZER_NUMBER_OBJECT_CONVERSION = YES_AGGRESSIVE;
				CLANG_CXX_LANGUAGE_STANDARD = "gnu++17";
				CLANG_CXX_LIBRARY = "libc++";
				CLANG_ENABLE_MODULES = YES;
				CLANG_ENABLE_OBJC_ARC = YES;
				CLANG_ENABLE_OBJC_WEAK = YES;
				CLANG_WARN_BLOCK_CAPTURE_AUTORELEASING = YES;
				CLANG_WARN_BOOL_CONVERSION = YES;
				CLANG_WARN_COMMA = YES;
				CLANG_WARN_CONSTANT_CONVERSION = YES;
				CLANG_WARN_DEPRECATED_OBJC_IMPLEMENTATIONS = YES;
				CLANG_WARN_DIRECT_OBJC_ISA_USAGE = YES_ERROR;
				CLANG_WARN_DOCUMENTATION_COMMENTS = YES;
				CLANG_WARN_EMPTY_BODY = YES;
				CLANG_WARN_ENUM_CONVERSION = YES;
				CLANG_WARN_INFINITE_RECURSION = YES;
				CLANG_WARN_INT_CONVERSION = YES;
				CLANG_WARN_NON_LITERAL_NULL_CONVERSION = YES;
				CLANG_WARN_OBJC_IMPLICIT_RETAIN_SELF = YES;
				CLANG_WARN_OBJC_LITERAL_CONVERSION = YES;
				CLANG_WARN_OBJC_ROOT_CLASS = YES_ERROR;
				CLANG_WARN_QUOTED_INCLUDE_IN_FRAMEWORK_HEADER = YES;
				CLANG_WARN_RANGE_LOOP_ANALYSIS = YES;
				CLANG_WARN_STRICT_PROTOTYPES = YES;
				CLANG_WARN_SUSPICIOUS_MOVE = YES;
				CLANG_WARN_UNGUARDED_AVAILABILITY = YES_AGGRESSIVE;
				CLANG_WARN_UNREACHABLE_CODE = YES;
				CLANG_WARN__DUPLICATE_METHOD_MATCH = YES;
				COPY_PHASE_STRIP = NO;
				DEBUG_INFORMATION_FORMAT = "dwarf-with-dsym";
				ENABLE_NS_ASSERTIONS = NO;
				ENABLE_STRICT_OBJC_MSGSEND = YES;
				GCC_C_LANGUAGE_STANDARD = gnu11;
				GCC_NO_COMMON_BLOCKS = YES;
				GCC_WARN_64_TO_32_BIT_CONVERSION = YES;
				GCC_WARN_ABOUT_RETURN_TYPE = YES_ERROR;
				GCC_WARN_UNDECLARED_SELECTOR = YES;
				GCC_WARN_UNINITIALIZED_AUTOS = YES_AGGRESSIVE;
				GCC_WARN_UNUSED_FUNCTION = YES;
				GCC_WARN_UNUSED_VARIABLE = YES;
				IPHONEOS_DEPLOYMENT_TARGET = 15.2;
				MTL_ENABLE_DEBUG_INFO = NO;
				MTL_FAST_MATH = YES;
				SDKROOT = iphoneos;
				SWIFT_COMPILATION_MODE = wholemodule;
				SWIFT_OPTIMIZATION_LEVEL = "-O";
				VALIDATE_PRODUCT = YES;
			};
			name = Release;
		};
		8DB9077127B8F449008CD192 /* Debug */ = {
			isa = XCBuildConfiguration;
			buildSettings = {
				ASSETCATALOG_COMPILER_APPICON_NAME = AppIcon;
				ASSETCATALOG_COMPILER_GLOBAL_ACCENT_COLOR_NAME = AccentColor;
				CODE_SIGN_STYLE = Automatic;
				CURRENT_PROJECT_VERSION = 1;
				DEVELOPMENT_TEAM = WUJDW64U79;
				GENERATE_INFOPLIST_FILE = YES;
				INFOPLIST_FILE = ArchitectureShowCases/Info.plist;
				INFOPLIST_KEY_UIApplicationSupportsIndirectInputEvents = YES;
				INFOPLIST_KEY_UILaunchStoryboardName = LaunchScreen;
				INFOPLIST_KEY_UISupportedInterfaceOrientations_iPad = "UIInterfaceOrientationPortrait UIInterfaceOrientationPortraitUpsideDown UIInterfaceOrientationLandscapeLeft UIInterfaceOrientationLandscapeRight";
				INFOPLIST_KEY_UISupportedInterfaceOrientations_iPhone = "UIInterfaceOrientationPortrait UIInterfaceOrientationLandscapeLeft UIInterfaceOrientationLandscapeRight";
				LD_RUNPATH_SEARCH_PATHS = (
					"$(inherited)",
					"@executable_path/Frameworks",
				);
				MARKETING_VERSION = 1.0;
				PRODUCT_BUNDLE_IDENTIFIER = AlmostEngineer.ArchitectureShowCases;
				PRODUCT_NAME = "$(TARGET_NAME)";
				SWIFT_EMIT_LOC_STRINGS = YES;
				SWIFT_VERSION = 5.0;
				TARGETED_DEVICE_FAMILY = "1,2";
			};
			name = Debug;
		};
		8DB9077227B8F449008CD192 /* Release */ = {
			isa = XCBuildConfiguration;
			buildSettings = {
				ASSETCATALOG_COMPILER_APPICON_NAME = AppIcon;
				ASSETCATALOG_COMPILER_GLOBAL_ACCENT_COLOR_NAME = AccentColor;
				CODE_SIGN_STYLE = Automatic;
				CURRENT_PROJECT_VERSION = 1;
				DEVELOPMENT_TEAM = WUJDW64U79;
				GENERATE_INFOPLIST_FILE = YES;
				INFOPLIST_FILE = ArchitectureShowCases/Info.plist;
				INFOPLIST_KEY_UIApplicationSupportsIndirectInputEvents = YES;
				INFOPLIST_KEY_UILaunchStoryboardName = LaunchScreen;
				INFOPLIST_KEY_UISupportedInterfaceOrientations_iPad = "UIInterfaceOrientationPortrait UIInterfaceOrientationPortraitUpsideDown UIInterfaceOrientationLandscapeLeft UIInterfaceOrientationLandscapeRight";
				INFOPLIST_KEY_UISupportedInterfaceOrientations_iPhone = "UIInterfaceOrientationPortrait UIInterfaceOrientationLandscapeLeft UIInterfaceOrientationLandscapeRight";
				LD_RUNPATH_SEARCH_PATHS = (
					"$(inherited)",
					"@executable_path/Frameworks",
				);
				MARKETING_VERSION = 1.0;
				PRODUCT_BUNDLE_IDENTIFIER = AlmostEngineer.ArchitectureShowCases;
				PRODUCT_NAME = "$(TARGET_NAME)";
				SWIFT_EMIT_LOC_STRINGS = YES;
				SWIFT_VERSION = 5.0;
				TARGETED_DEVICE_FAMILY = "1,2";
			};
			name = Release;
		};
/* End XCBuildConfiguration section */

/* Begin XCConfigurationList section */
		8DB9075727B8F447008CD192 /* Build configuration list for PBXProject "ArchitectureShowCases" */ = {
			isa = XCConfigurationList;
			buildConfigurations = (
				8DB9076E27B8F449008CD192 /* Debug */,
				8DB9076F27B8F449008CD192 /* Release */,
			);
			defaultConfigurationIsVisible = 0;
			defaultConfigurationName = Release;
		};
		8DB9077027B8F449008CD192 /* Build configuration list for PBXNativeTarget "ArchitectureShowCases" */ = {
			isa = XCConfigurationList;
			buildConfigurations = (
				8DB9077127B8F449008CD192 /* Debug */,
				8DB9077227B8F449008CD192 /* Release */,
			);
			defaultConfigurationIsVisible = 0;
			defaultConfigurationName = Release;
		};
/* End XCConfigurationList section */
	};
	rootObject = 8DB9075427B8F447008CD192 /* Project object */;
}
